
Microsoft Visual Studio Solution File, Format Version 11.00
# Visual Studio 2010
Project("{8BC9CEB8-8B4A-11D0-8D11-00A0C91BC942}") = "QWordDemo", "QWordDemo.vcxproj", "{EA23691E-AFBB-303D-A2CE-61C4FE8BF0EE}"
EndProject
Global
	GlobalSection(SolutionConfigurationPlatforms) = preSolution
		Debug|Win32 = Debug|Win32
		Release|Win32 = Release|Win32
	EndGlobalSection
	GlobalSection(ProjectConfigurationPlatforms) = postSolution
		{EA23691E-AFBB-303D-A2CE-61C4FE8BF0EE}.Debug|Win32.ActiveCfg = Debug|Win32
		{EA23691E-AFBB-303D-A2CE-61C4FE8BF0EE}.Debug|Win32.Build.0 = Debug|Win32
		{EA23691E-AFBB-303D-A2CE-61C4FE8BF0EE}.Release|Win32.ActiveCfg = Release|Win32
		{EA23691E-AFBB-303D-A2CE-61C4FE8BF0EE}.Release|Win32.Build.0 = Release|Win32
	EndGlobalSection
	GlobalSection(SolutionProperties) = preSolution
		HideSolutionNode = FALSE
	EndGlobalSection
EndGlobal
